PODS:
  - Alamofire (4.8.2)
  - collection-view-layouts/Core (0.1.2)
  - collection-view-layouts/PinterestLayout (0.1.2):
    - collection-view-layouts/Core

DEPENDENCIES:
  - Alamofire
  - collection-view-layouts/PinterestLayout

SPEC REPOS:
  https://github.com/cocoapods/specs.git:
    - Alamofire
    - collection-view-layouts

SPEC CHECKSUMS:
  Alamofire: ae5c501addb7afdbb13687d7f2f722c78734c2d3
  collection-view-layouts: f3da16bf3211ecb885bb3e45160c2267edf5b65e

PODFILE CHECKSUM: 6e9127e60808f62612ef0ce57921ca20a29c78e8

COCOAPODS: 1.7.0
