PODS:
  - collection-view-layouts/Core (0.1.2)
  - collection-view-layouts/PinterestLayout (0.1.2):
    - collection-view-layouts/Core

DEPENDENCIES:
  - collection-view-layouts/PinterestLayout

SPEC REPOS:
  https://github.com/cocoapods/specs.git:
    - collection-view-layouts

SPEC CHECKSUMS:
  collection-view-layouts: f3da16bf3211ecb885bb3e45160c2267edf5b65e

PODFILE CHECKSUM: e69b834d3b9243d0403956ab03079d5b54cad2a6

COCOAPODS: 1.7.0
