// !$*UTF8*$!
{
	archiveVersion = 1;
	classes = {
	};
	objectVersion = 51;
	objects = {

/* Begin PBXBuildFile section */
		5E7E9A186ACCEA18B38425E9 /* Pods_InTheHood_iosTests.framework in Frameworks */ = {isa = PBXBuildFile; fileRef = 79D7486459394661B25E7F27 /* Pods_InTheHood_iosTests.framework */; };
		8473FD848EF99A699957B75F /* Pods_InTheHood_ios.framework in Frameworks */ = {isa = PBXBuildFile; fileRef = 633983780CA0739513D6FC7E /* Pods_InTheHood_ios.framework */; };
		DC13D74E22CCF52F008B6CEA /* ItemCell1.swift in Sources */ = {isa = PBXBuildFile; fileRef = DC13D74D22CCF52F008B6CEA /* ItemCell1.swift */; };
		DC13D75022CCF545008B6CEA /* ItemCell2.swift in Sources */ = {isa = PBXBuildFile; fileRef = DC13D74F22CCF545008B6CEA /* ItemCell2.swift */; };
		DC13D75222CCF5EC008B6CEA /* GeneralItemCell.swift in Sources */ = {isa = PBXBuildFile; fileRef = DC13D75122CCF5EC008B6CEA /* GeneralItemCell.swift */; };
		DC2E34E42309D5300039415D /* IWantItViewController.swift in Sources */ = {isa = PBXBuildFile; fileRef = DC2E34E32309D5300039415D /* IWantItViewController.swift */; };
		DC328D61229BD6E200693E17 /* SigninViewController.swift in Sources */ = {isa = PBXBuildFile; fileRef = DC328D60229BD6E200693E17 /* SigninViewController.swift */; };
		DC328D63229BE1BE00693E17 /* SignupViewController.swift in Sources */ = {isa = PBXBuildFile; fileRef = DC328D62229BE1BE00693E17 /* SignupViewController.swift */; };
		DC328D65229BF39B00693E17 /* ForgotPasswordViewController.swift in Sources */ = {isa = PBXBuildFile; fileRef = DC328D64229BF39B00693E17 /* ForgotPasswordViewController.swift */; };
		DC45BAD122DA3037003D0421 /* LocationManager.swift in Sources */ = {isa = PBXBuildFile; fileRef = DC45BAD022DA3037003D0421 /* LocationManager.swift */; };
		DC45BAD322DA311D003D0421 /* Location.swift in Sources */ = {isa = PBXBuildFile; fileRef = DC45BAD222DA311D003D0421 /* Location.swift */; };
		DC76972F230D44AE008A247D /* Message.swift in Sources */ = {isa = PBXBuildFile; fileRef = DC76972E230D44AE008A247D /* Message.swift */; };
		DC9B71FC22A8CCE7007B769B /* GeneralViewController.swift in Sources */ = {isa = PBXBuildFile; fileRef = DC9B71FB22A8CCE7007B769B /* GeneralViewController.swift */; };
		DC9B71FE22A8D8AF007B769B /* Extensions.swift in Sources */ = {isa = PBXBuildFile; fileRef = DC9B71FD22A8D8AF007B769B /* Extensions.swift */; };
		DC9B720222A9236F007B769B /* MapKit.framework in Frameworks */ = {isa = PBXBuildFile; fileRef = DC9B720122A9236F007B769B /* MapKit.framework */; };
		DC9B720422A92421007B769B /* CoreLocation.framework in Frameworks */ = {isa = PBXBuildFile; fileRef = DC9B720322A92421007B769B /* CoreLocation.framework */; };
		DC9D0AE62332927C00ADEBCF /* ChatViewController.swift in Sources */ = {isa = PBXBuildFile; fileRef = DC9D0AE52332927C00ADEBCF /* ChatViewController.swift */; };
		DC9D0AE8233292D000ADEBCF /* Chat.storyboard in Resources */ = {isa = PBXBuildFile; fileRef = DC9D0AE7233292D000ADEBCF /* Chat.storyboard */; };
		DC9D0AEA233293D200ADEBCF /* ChatTableViewCell.swift in Sources */ = {isa = PBXBuildFile; fileRef = DC9D0AE9233293D200ADEBCF /* ChatTableViewCell.swift */; };
		DC9D0AEC23329C1A00ADEBCF /* Chat.swift in Sources */ = {isa = PBXBuildFile; fileRef = DC9D0AEB23329C1A00ADEBCF /* Chat.swift */; };
		DCA3089F234D75240028A617 /* NotificationsHandler.swift in Sources */ = {isa = PBXBuildFile; fileRef = DCA3089E234D75240028A617 /* NotificationsHandler.swift */; };
		DCA353B82306BB4B007B7B97 /* ItemViewController.swift in Sources */ = {isa = PBXBuildFile; fileRef = DCA353B72306BB4B007B7B97 /* ItemViewController.swift */; };
		DCA8B1FD22A509930060E1A7 /* Utils.swift in Sources */ = {isa = PBXBuildFile; fileRef = DCA8B1FC22A509930060E1A7 /* Utils.swift */; };
		DCA8B20222A50F640060E1A7 /* Item.swift in Sources */ = {isa = PBXBuildFile; fileRef = DCA8B20122A50F640060E1A7 /* Item.swift */; };
		DCA8B20422A50F700060E1A7 /* User.swift in Sources */ = {isa = PBXBuildFile; fileRef = DCA8B20322A50F700060E1A7 /* User.swift */; };
		DCBE17BF2348DE5D00A5B15E /* UserNotificationsUI.framework in Frameworks */ = {isa = PBXBuildFile; fileRef = DCBE17BD2348DE5C00A5B15E /* UserNotificationsUI.framework */; };
		DCBE17C02348DE5D00A5B15E /* UserNotifications.framework in Frameworks */ = {isa = PBXBuildFile; fileRef = DCBE17BE2348DE5C00A5B15E /* UserNotifications.framework */; };
		DCBE17C2234A873900A5B15E /* ChatCollectionViewCell.swift in Sources */ = {isa = PBXBuildFile; fileRef = DCBE17C1234A873900A5B15E /* ChatCollectionViewCell.swift */; };
		DCCF8E3A229C1F0600F13C8D /* MainScreenViewController.swift in Sources */ = {isa = PBXBuildFile; fileRef = DCCF8E39229C1F0600F13C8D /* MainScreenViewController.swift */; };
		DCE60001229BCAE2003A6626 /* InTheHood_iosUITests.swift in Sources */ = {isa = PBXBuildFile; fileRef = DCE60000229BCAE2003A6626 /* InTheHood_iosUITests.swift */; };
		DCE6FFE1229BCAE1003A6626 /* AppDelegate.swift in Sources */ = {isa = PBXBuildFile; fileRef = DCE6FFE0229BCAE1003A6626 /* AppDelegate.swift */; };
		DCE6FFE6229BCAE1003A6626 /* Main.storyboard in Resources */ = {isa = PBXBuildFile; fileRef = DCE6FFE4229BCAE1003A6626 /* Main.storyboard */; };
		DCE6FFE8229BCAE2003A6626 /* Assets.xcassets in Resources */ = {isa = PBXBuildFile; fileRef = DCE6FFE7229BCAE2003A6626 /* Assets.xcassets */; };
		DCE6FFEB229BCAE2003A6626 /* LaunchScreen.storyboard in Resources */ = {isa = PBXBuildFile; fileRef = DCE6FFE9229BCAE2003A6626 /* LaunchScreen.storyboard */; };
		DCE6FFF6229BCAE2003A6626 /* InTheHood_iosTests.swift in Sources */ = {isa = PBXBuildFile; fileRef = DCE6FFF5229BCAE2003A6626 /* InTheHood_iosTests.swift */; };
		DCF4FF5822A851F80065FE63 /* DataManager.swift in Sources */ = {isa = PBXBuildFile; fileRef = DCF4FF5722A851F80065FE63 /* DataManager.swift */; };
		DCFB47DB22A3E88D00D0E7AA /* NetworkingManager.swift in Sources */ = {isa = PBXBuildFile; fileRef = DCFB47DA22A3E88D00D0E7AA /* NetworkingManager.swift */; };
		DCFB47DD22A4306700D0E7AA /* MainSuperView.swift in Sources */ = {isa = PBXBuildFile; fileRef = DCFB47DC22A4306700D0E7AA /* MainSuperView.swift */; };
		DCFB47DF22A431C000D0E7AA /* CreateView.swift in Sources */ = {isa = PBXBuildFile; fileRef = DCFB47DE22A431C000D0E7AA /* CreateView.swift */; };
		DCFB47E122A435B100D0E7AA /* CategoriesCollectionView.swift in Sources */ = {isa = PBXBuildFile; fileRef = DCFB47E022A435B100D0E7AA /* CategoriesCollectionView.swift */; };
		DCFB47E322A435D700D0E7AA /* CategoryCell.swift in Sources */ = {isa = PBXBuildFile; fileRef = DCFB47E222A435D700D0E7AA /* CategoryCell.swift */; };
		F50BB524753F2A454E6EDC2F /* Pods_InTheHood_iosUITests.framework in Frameworks */ = {isa = PBXBuildFile; fileRef = 3362871004C1D86FD83D37EA /* Pods_InTheHood_iosUITests.framework */; };
/* End PBXBuildFile section */

/* Begin PBXContainerItemProxy section */
		DCE6FFF2229BCAE2003A6626 /* PBXContainerItemProxy */ = {
			isa = PBXContainerItemProxy;
			containerPortal = DCE6FFD5229BCAE1003A6626 /* Project object */;
			proxyType = 1;
			remoteGlobalIDString = DCE6FFDC229BCAE1003A6626;
			remoteInfo = "InTheHood-ios";
		};
		DCE6FFFD229BCAE2003A6626 /* PBXContainerItemProxy */ = {
			isa = PBXContainerItemProxy;
			containerPortal = DCE6FFD5229BCAE1003A6626 /* Project object */;
			proxyType = 1;
			remoteGlobalIDString = DCE6FFDC229BCAE1003A6626;
			remoteInfo = "InTheHood-ios";
		};
/* End PBXContainerItemProxy section */

/* Begin PBXFileReference section */
		1973457407498F8C823D03C5 /* Pods-InTheHood-iosUITests.debug.xcconfig */ = {isa = PBXFileReference; includeInIndex = 1; lastKnownFileType = text.xcconfig; name = "Pods-InTheHood-iosUITests.debug.xcconfig"; path = "Target Support Files/Pods-InTheHood-iosUITests/Pods-InTheHood-iosUITests.debug.xcconfig"; sourceTree = "<group>"; };
		3362871004C1D86FD83D37EA /* Pods_InTheHood_iosUITests.framework */ = {isa = PBXFileReference; explicitFileType = wrapper.framework; includeInIndex = 0; path = Pods_InTheHood_iosUITests.framework; sourceTree = BUILT_PRODUCTS_DIR; };
		38325B9FDF7E490EA24B3CA6 /* Pods-InTheHood-iosUITests.release.xcconfig */ = {isa = PBXFileReference; includeInIndex = 1; lastKnownFileType = text.xcconfig; name = "Pods-InTheHood-iosUITests.release.xcconfig"; path = "Target Support Files/Pods-InTheHood-iosUITests/Pods-InTheHood-iosUITests.release.xcconfig"; sourceTree = "<group>"; };
		39C7020C44B7BFAE0F30B305 /* Pods-InTheHood-iosTests.debug.xcconfig */ = {isa = PBXFileReference; includeInIndex = 1; lastKnownFileType = text.xcconfig; name = "Pods-InTheHood-iosTests.debug.xcconfig"; path = "Target Support Files/Pods-InTheHood-iosTests/Pods-InTheHood-iosTests.debug.xcconfig"; sourceTree = "<group>"; };
		633983780CA0739513D6FC7E /* Pods_InTheHood_ios.framework */ = {isa = PBXFileReference; explicitFileType = wrapper.framework; includeInIndex = 0; path = Pods_InTheHood_ios.framework; sourceTree = BUILT_PRODUCTS_DIR; };
		79D7486459394661B25E7F27 /* Pods_InTheHood_iosTests.framework */ = {isa = PBXFileReference; explicitFileType = wrapper.framework; includeInIndex = 0; path = Pods_InTheHood_iosTests.framework; sourceTree = BUILT_PRODUCTS_DIR; };
		8E848F4F1729EBE574E6B300 /* Pods-InTheHood-ios.debug.xcconfig */ = {isa = PBXFileReference; includeInIndex = 1; lastKnownFileType = text.xcconfig; name = "Pods-InTheHood-ios.debug.xcconfig"; path = "Target Support Files/Pods-InTheHood-ios/Pods-InTheHood-ios.debug.xcconfig"; sourceTree = "<group>"; };
		92D18D379275E6C5A6DA2286 /* Pods-InTheHood-iosTests.release.xcconfig */ = {isa = PBXFileReference; includeInIndex = 1; lastKnownFileType = text.xcconfig; name = "Pods-InTheHood-iosTests.release.xcconfig"; path = "Target Support Files/Pods-InTheHood-iosTests/Pods-InTheHood-iosTests.release.xcconfig"; sourceTree = "<group>"; };
		A4D04A4FA13502024C936163 /* Pods-InTheHood-ios.release.xcconfig */ = {isa = PBXFileReference; includeInIndex = 1; lastKnownFileType = text.xcconfig; name = "Pods-InTheHood-ios.release.xcconfig"; path = "Target Support Files/Pods-InTheHood-ios/Pods-InTheHood-ios.release.xcconfig"; sourceTree = "<group>"; };
		DC13D74D22CCF52F008B6CEA /* ItemCell1.swift */ = {isa = PBXFileReference; lastKnownFileType = sourcecode.swift; path = ItemCell1.swift; sourceTree = "<group>"; };
		DC13D74F22CCF545008B6CEA /* ItemCell2.swift */ = {isa = PBXFileReference; lastKnownFileType = sourcecode.swift; path = ItemCell2.swift; sourceTree = "<group>"; };
		DC13D75122CCF5EC008B6CEA /* GeneralItemCell.swift */ = {isa = PBXFileReference; lastKnownFileType = sourcecode.swift; path = GeneralItemCell.swift; sourceTree = "<group>"; };
		DC2E34E32309D5300039415D /* IWantItViewController.swift */ = {isa = PBXFileReference; lastKnownFileType = sourcecode.swift; path = IWantItViewController.swift; sourceTree = "<group>"; };
		DC328D60229BD6E200693E17 /* SigninViewController.swift */ = {isa = PBXFileReference; lastKnownFileType = sourcecode.swift; path = SigninViewController.swift; sourceTree = "<group>"; };
		DC328D62229BE1BE00693E17 /* SignupViewController.swift */ = {isa = PBXFileReference; lastKnownFileType = sourcecode.swift; path = SignupViewController.swift; sourceTree = "<group>"; };
		DC328D64229BF39B00693E17 /* ForgotPasswordViewController.swift */ = {isa = PBXFileReference; lastKnownFileType = sourcecode.swift; path = ForgotPasswordViewController.swift; sourceTree = "<group>"; };
		DC45BAD022DA3037003D0421 /* LocationManager.swift */ = {isa = PBXFileReference; lastKnownFileType = sourcecode.swift; path = LocationManager.swift; sourceTree = "<group>"; };
		DC45BAD222DA311D003D0421 /* Location.swift */ = {isa = PBXFileReference; lastKnownFileType = sourcecode.swift; path = Location.swift; sourceTree = "<group>"; };
		DC76972E230D44AE008A247D /* Message.swift */ = {isa = PBXFileReference; lastKnownFileType = sourcecode.swift; path = Message.swift; sourceTree = "<group>"; };
		DC9B71FB22A8CCE7007B769B /* GeneralViewController.swift */ = {isa = PBXFileReference; lastKnownFileType = sourcecode.swift; path = GeneralViewController.swift; sourceTree = "<group>"; };
		DC9B71FD22A8D8AF007B769B /* Extensions.swift */ = {isa = PBXFileReference; lastKnownFileType = sourcecode.swift; path = Extensions.swift; sourceTree = "<group>"; };
		DC9B720122A9236F007B769B /* MapKit.framework */ = {isa = PBXFileReference; lastKnownFileType = wrapper.framework; name = MapKit.framework; path = System/Library/Frameworks/MapKit.framework; sourceTree = SDKROOT; };
		DC9B720322A92421007B769B /* CoreLocation.framework */ = {isa = PBXFileReference; lastKnownFileType = wrapper.framework; name = CoreLocation.framework; path = System/Library/Frameworks/CoreLocation.framework; sourceTree = SDKROOT; };
		DC9D0AE52332927C00ADEBCF /* ChatViewController.swift */ = {isa = PBXFileReference; lastKnownFileType = sourcecode.swift; path = ChatViewController.swift; sourceTree = "<group>"; };
		DC9D0AE7233292D000ADEBCF /* Chat.storyboard */ = {isa = PBXFileReference; lastKnownFileType = file.storyboard; path = Chat.storyboard; sourceTree = "<group>"; };
		DC9D0AE9233293D200ADEBCF /* ChatTableViewCell.swift */ = {isa = PBXFileReference; lastKnownFileType = sourcecode.swift; path = ChatTableViewCell.swift; sourceTree = "<group>"; };
		DC9D0AEB23329C1A00ADEBCF /* Chat.swift */ = {isa = PBXFileReference; lastKnownFileType = sourcecode.swift; path = Chat.swift; sourceTree = "<group>"; };
		DCA3089E234D75240028A617 /* NotificationsHandler.swift */ = {isa = PBXFileReference; lastKnownFileType = sourcecode.swift; path = NotificationsHandler.swift; sourceTree = "<group>"; };
		DCA353B72306BB4B007B7B97 /* ItemViewController.swift */ = {isa = PBXFileReference; lastKnownFileType = sourcecode.swift; path = ItemViewController.swift; sourceTree = "<group>"; };
		DCA8B1FC22A509930060E1A7 /* Utils.swift */ = {isa = PBXFileReference; lastKnownFileType = sourcecode.swift; path = Utils.swift; sourceTree = "<group>"; };
		DCA8B20122A50F640060E1A7 /* Item.swift */ = {isa = PBXFileReference; lastKnownFileType = sourcecode.swift; path = Item.swift; sourceTree = "<group>"; };
		DCA8B20322A50F700060E1A7 /* User.swift */ = {isa = PBXFileReference; lastKnownFileType = sourcecode.swift; path = User.swift; sourceTree = "<group>"; };
		DCBE17BC2348D89200A5B15E /* InTheHood-ios.entitlements */ = {isa = PBXFileReference; lastKnownFileType = text.plist.entitlements; path = "InTheHood-ios.entitlements"; sourceTree = "<group>"; };
		DCBE17BD2348DE5C00A5B15E /* UserNotificationsUI.framework */ = {isa = PBXFileReference; lastKnownFileType = wrapper.framework; name = UserNotificationsUI.framework; path = System/Library/Frameworks/UserNotificationsUI.framework; sourceTree = SDKROOT; };
		DCBE17BE2348DE5C00A5B15E /* UserNotifications.framework */ = {isa = PBXFileReference; lastKnownFileType = wrapper.framework; name = UserNotifications.framework; path = System/Library/Frameworks/UserNotifications.framework; sourceTree = SDKROOT; };
		DCBE17C1234A873900A5B15E /* ChatCollectionViewCell.swift */ = {isa = PBXFileReference; lastKnownFileType = sourcecode.swift; path = ChatCollectionViewCell.swift; sourceTree = "<group>"; };
		DCCF8E39229C1F0600F13C8D /* MainScreenViewController.swift */ = {isa = PBXFileReference; lastKnownFileType = sourcecode.swift; path = MainScreenViewController.swift; sourceTree = "<group>"; };
		DCE60000229BCAE2003A6626 /* InTheHood_iosUITests.swift */ = {isa = PBXFileReference; lastKnownFileType = sourcecode.swift; path = InTheHood_iosUITests.swift; sourceTree = "<group>"; };
		DCE60002229BCAE2003A6626 /* Info.plist */ = {isa = PBXFileReference; lastKnownFileType = text.plist.xml; path = Info.plist; sourceTree = "<group>"; };
		DCE6FFDD229BCAE1003A6626 /* InTheHood-ios.app */ = {isa = PBXFileReference; explicitFileType = wrapper.application; includeInIndex = 0; path = "InTheHood-ios.app"; sourceTree = BUILT_PRODUCTS_DIR; };
		DCE6FFE0229BCAE1003A6626 /* AppDelegate.swift */ = {isa = PBXFileReference; lastKnownFileType = sourcecode.swift; path = AppDelegate.swift; sourceTree = "<group>"; };
		DCE6FFE5229BCAE1003A6626 /* Base */ = {isa = PBXFileReference; lastKnownFileType = file.storyboard; name = Base; path = Base.lproj/Main.storyboard; sourceTree = "<group>"; };
		DCE6FFE7229BCAE2003A6626 /* Assets.xcassets */ = {isa = PBXFileReference; lastKnownFileType = folder.assetcatalog; path = Assets.xcassets; sourceTree = "<group>"; };
		DCE6FFEA229BCAE2003A6626 /* Base */ = {isa = PBXFileReference; lastKnownFileType = file.storyboard; name = Base; path = Base.lproj/LaunchScreen.storyboard; sourceTree = "<group>"; };
		DCE6FFEC229BCAE2003A6626 /* Info.plist */ = {isa = PBXFileReference; lastKnownFileType = text.plist.xml; path = Info.plist; sourceTree = "<group>"; };
		DCE6FFF1229BCAE2003A6626 /* InTheHood-iosTests.xctest */ = {isa = PBXFileReference; explicitFileType = wrapper.cfbundle; includeInIndex = 0; path = "InTheHood-iosTests.xctest"; sourceTree = BUILT_PRODUCTS_DIR; };
		DCE6FFF5229BCAE2003A6626 /* InTheHood_iosTests.swift */ = {isa = PBXFileReference; lastKnownFileType = sourcecode.swift; path = InTheHood_iosTests.swift; sourceTree = "<group>"; };
		DCE6FFF7229BCAE2003A6626 /* Info.plist */ = {isa = PBXFileReference; lastKnownFileType = text.plist.xml; path = Info.plist; sourceTree = "<group>"; };
		DCE6FFFC229BCAE2003A6626 /* InTheHood-iosUITests.xctest */ = {isa = PBXFileReference; explicitFileType = wrapper.cfbundle; includeInIndex = 0; path = "InTheHood-iosUITests.xctest"; sourceTree = BUILT_PRODUCTS_DIR; };
		DCF4FF5722A851F80065FE63 /* DataManager.swift */ = {isa = PBXFileReference; lastKnownFileType = sourcecode.swift; path = DataManager.swift; sourceTree = "<group>"; };
		DCFB47DA22A3E88D00D0E7AA /* NetworkingManager.swift */ = {isa = PBXFileReference; lastKnownFileType = sourcecode.swift; path = NetworkingManager.swift; sourceTree = "<group>"; };
		DCFB47DC22A4306700D0E7AA /* MainSuperView.swift */ = {isa = PBXFileReference; lastKnownFileType = sourcecode.swift; path = MainSuperView.swift; sourceTree = "<group>"; };
		DCFB47DE22A431C000D0E7AA /* CreateView.swift */ = {isa = PBXFileReference; lastKnownFileType = sourcecode.swift; path = CreateView.swift; sourceTree = "<group>"; };
		DCFB47E022A435B100D0E7AA /* CategoriesCollectionView.swift */ = {isa = PBXFileReference; lastKnownFileType = sourcecode.swift; path = CategoriesCollectionView.swift; sourceTree = "<group>"; };
		DCFB47E222A435D700D0E7AA /* CategoryCell.swift */ = {isa = PBXFileReference; lastKnownFileType = sourcecode.swift; path = CategoryCell.swift; sourceTree = "<group>"; };
/* End PBXFileReference section */

/* Begin PBXFrameworksBuildPhase section */
		DCE6FFDA229BCAE1003A6626 /* Frameworks */ = {
			isa = PBXFrameworksBuildPhase;
			buildActionMask = 2147483647;
			files = (
				DCBE17BF2348DE5D00A5B15E /* UserNotificationsUI.framework in Frameworks */,
				DCBE17C02348DE5D00A5B15E /* UserNotifications.framework in Frameworks */,
				DC9B720422A92421007B769B /* CoreLocation.framework in Frameworks */,
				DC9B720222A9236F007B769B /* MapKit.framework in Frameworks */,
				8473FD848EF99A699957B75F /* Pods_InTheHood_ios.framework in Frameworks */,
			);
			runOnlyForDeploymentPostprocessing = 0;
		};
		DCE6FFEE229BCAE2003A6626 /* Frameworks */ = {
			isa = PBXFrameworksBuildPhase;
			buildActionMask = 2147483647;
			files = (
				5E7E9A186ACCEA18B38425E9 /* Pods_InTheHood_iosTests.framework in Frameworks */,
			);
			runOnlyForDeploymentPostprocessing = 0;
		};
		DCE6FFF9229BCAE2003A6626 /* Frameworks */ = {
			isa = PBXFrameworksBuildPhase;
			buildActionMask = 2147483647;
			files = (
				F50BB524753F2A454E6EDC2F /* Pods_InTheHood_iosUITests.framework in Frameworks */,
			);
			runOnlyForDeploymentPostprocessing = 0;
		};
/* End PBXFrameworksBuildPhase section */

/* Begin PBXGroup section */
		02ADCAFFE349A4CDD2ABA8F3 /* Pods */ = {
			isa = PBXGroup;
			children = (
				8E848F4F1729EBE574E6B300 /* Pods-InTheHood-ios.debug.xcconfig */,
				A4D04A4FA13502024C936163 /* Pods-InTheHood-ios.release.xcconfig */,
				39C7020C44B7BFAE0F30B305 /* Pods-InTheHood-iosTests.debug.xcconfig */,
				92D18D379275E6C5A6DA2286 /* Pods-InTheHood-iosTests.release.xcconfig */,
				1973457407498F8C823D03C5 /* Pods-InTheHood-iosUITests.debug.xcconfig */,
				38325B9FDF7E490EA24B3CA6 /* Pods-InTheHood-iosUITests.release.xcconfig */,
			);
			path = Pods;
			sourceTree = "<group>";
		};
		1D7FECE4D76F36BC68AF1A2D /* Frameworks */ = {
			isa = PBXGroup;
			children = (
				DCBE17BE2348DE5C00A5B15E /* UserNotifications.framework */,
				DCBE17BD2348DE5C00A5B15E /* UserNotificationsUI.framework */,
				DC9B720322A92421007B769B /* CoreLocation.framework */,
				DC9B720122A9236F007B769B /* MapKit.framework */,
				633983780CA0739513D6FC7E /* Pods_InTheHood_ios.framework */,
				79D7486459394661B25E7F27 /* Pods_InTheHood_iosTests.framework */,
				3362871004C1D86FD83D37EA /* Pods_InTheHood_iosUITests.framework */,
			);
			name = Frameworks;
			sourceTree = "<group>";
		};
		DC9D0AE42332924900ADEBCF /* Chat */ = {
			isa = PBXGroup;
			children = (
				DC9D0AE52332927C00ADEBCF /* ChatViewController.swift */,
				DC9D0AE7233292D000ADEBCF /* Chat.storyboard */,
				DC9D0AE9233293D200ADEBCF /* ChatTableViewCell.swift */,
				DCBE17C1234A873900A5B15E /* ChatCollectionViewCell.swift */,
			);
			path = Chat;
			sourceTree = "<group>";
		};
		DCA8B1F722A5067C0060E1A7 /* ViewControllers */ = {
			isa = PBXGroup;
			children = (
				DC9D0AE42332924900ADEBCF /* Chat */,
				DCA8B1FB22A507040060E1A7 /* GeneralViews */,
				DCA8B1F922A506DA0060E1A7 /* Main */,
				DCA8B1F822A506CB0060E1A7 /* SignInUp */,
				DC9B71FB22A8CCE7007B769B /* GeneralViewController.swift */,
			);
			path = ViewControllers;
			sourceTree = "<group>";
		};
		DCA8B1F822A506CB0060E1A7 /* SignInUp */ = {
			isa = PBXGroup;
			children = (
				DC328D60229BD6E200693E17 /* SigninViewController.swift */,
				DC328D62229BE1BE00693E17 /* SignupViewController.swift */,
			);
			path = SignInUp;
			sourceTree = "<group>";
		};
		DCA8B1F922A506DA0060E1A7 /* Main */ = {
			isa = PBXGroup;
			children = (
				DCA8B1FA22A506E80060E1A7 /* Views */,
				DCCF8E39229C1F0600F13C8D /* MainScreenViewController.swift */,
				DCA353B72306BB4B007B7B97 /* ItemViewController.swift */,
				DC2E34E32309D5300039415D /* IWantItViewController.swift */,
			);
			path = Main;
			sourceTree = "<group>";
		};
		DCA8B1FA22A506E80060E1A7 /* Views */ = {
			isa = PBXGroup;
			children = (
				DCFB47DE22A431C000D0E7AA /* CreateView.swift */,
				DCFB47E022A435B100D0E7AA /* CategoriesCollectionView.swift */,
				DCFB47E222A435D700D0E7AA /* CategoryCell.swift */,
				DC13D74D22CCF52F008B6CEA /* ItemCell1.swift */,
				DC13D74F22CCF545008B6CEA /* ItemCell2.swift */,
				DC13D75122CCF5EC008B6CEA /* GeneralItemCell.swift */,
			);
			path = Views;
			sourceTree = "<group>";
		};
		DCA8B1FB22A507040060E1A7 /* GeneralViews */ = {
			isa = PBXGroup;
			children = (
				DCFB47DC22A4306700D0E7AA /* MainSuperView.swift */,
			);
			path = GeneralViews;
			sourceTree = "<group>";
		};
		DCA8B1FE22A50EFB0060E1A7 /* Model */ = {
			isa = PBXGroup;
			children = (
				DCA8B20122A50F640060E1A7 /* Item.swift */,
				DCA8B20322A50F700060E1A7 /* User.swift */,
				DC45BAD222DA311D003D0421 /* Location.swift */,
				DC76972E230D44AE008A247D /* Message.swift */,
				DC9D0AEB23329C1A00ADEBCF /* Chat.swift */,
			);
			path = Model;
			sourceTree = "<group>";
		};
		DCE6FFD4229BCAE1003A6626 = {
			isa = PBXGroup;
			children = (
				DCE6FFDF229BCAE1003A6626 /* InTheHood-ios */,
				DCE6FFF4229BCAE2003A6626 /* InTheHood-iosTests */,
				DCE6FFFF229BCAE2003A6626 /* InTheHood-iosUITests */,
				DCE6FFDE229BCAE1003A6626 /* Products */,
				02ADCAFFE349A4CDD2ABA8F3 /* Pods */,
				1D7FECE4D76F36BC68AF1A2D /* Frameworks */,
			);
			sourceTree = "<group>";
		};
		DCE6FFDE229BCAE1003A6626 /* Products */ = {
			isa = PBXGroup;
			children = (
				DCE6FFDD229BCAE1003A6626 /* InTheHood-ios.app */,
				DCE6FFF1229BCAE2003A6626 /* InTheHood-iosTests.xctest */,
				DCE6FFFC229BCAE2003A6626 /* InTheHood-iosUITests.xctest */,
			);
			name = Products;
			sourceTree = "<group>";
		};
		DCE6FFDF229BCAE1003A6626 /* InTheHood-ios */ = {
			isa = PBXGroup;
			children = (
				DCBE17BC2348D89200A5B15E /* InTheHood-ios.entitlements */,
				DCA8B1FE22A50EFB0060E1A7 /* Model */,
				DCA8B1F722A5067C0060E1A7 /* ViewControllers */,
				DCE6FFE0229BCAE1003A6626 /* AppDelegate.swift */,
				DCE6FFE4229BCAE1003A6626 /* Main.storyboard */,
				DCE6FFEC229BCAE2003A6626 /* Info.plist */,
				DCE6FFE7229BCAE2003A6626 /* Assets.xcassets */,
				DCE6FFE9229BCAE2003A6626 /* LaunchScreen.storyboard */,
				DC328D64229BF39B00693E17 /* ForgotPasswordViewController.swift */,
				DCFB47DA22A3E88D00D0E7AA /* NetworkingManager.swift */,
				DCA8B1FC22A509930060E1A7 /* Utils.swift */,
				DCF4FF5722A851F80065FE63 /* DataManager.swift */,
				DC9B71FD22A8D8AF007B769B /* Extensions.swift */,
				DC45BAD022DA3037003D0421 /* LocationManager.swift */,
				DCA3089E234D75240028A617 /* NotificationsHandler.swift */,
			);
			path = "InTheHood-ios";
			sourceTree = "<group>";
		};
		DCE6FFF4229BCAE2003A6626 /* InTheHood-iosTests */ = {
			isa = PBXGroup;
			children = (
				DCE6FFF5229BCAE2003A6626 /* InTheHood_iosTests.swift */,
				DCE6FFF7229BCAE2003A6626 /* Info.plist */,
			);
			path = "InTheHood-iosTests";
			sourceTree = "<group>";
		};
		DCE6FFFF229BCAE2003A6626 /* InTheHood-iosUITests */ = {
			isa = PBXGroup;
			children = (
				DCE60000229BCAE2003A6626 /* InTheHood_iosUITests.swift */,
				DCE60002229BCAE2003A6626 /* Info.plist */,
			);
			path = "InTheHood-iosUITests";
			sourceTree = "<group>";
		};
/* End PBXGroup section */

/* Begin PBXNativeTarget section */
		DCE6FFDC229BCAE1003A6626 /* InTheHood-ios */ = {
			isa = PBXNativeTarget;
			buildConfigurationList = DCE60005229BCAE2003A6626 /* Build configuration list for PBXNativeTarget "InTheHood-ios" */;
			buildPhases = (
				36A96B2924D726424B765D30 /* [CP] Check Pods Manifest.lock */,
				DCE6FFD9229BCAE1003A6626 /* Sources */,
				DCE6FFDA229BCAE1003A6626 /* Frameworks */,
				DCE6FFDB229BCAE1003A6626 /* Resources */,
				973428C2AC8FDF2E30766D82 /* [CP] Embed Pods Frameworks */,
			);
			buildRules = (
			);
			dependencies = (
			);
			name = "InTheHood-ios";
			productName = "InTheHood-ios";
			productReference = DCE6FFDD229BCAE1003A6626 /* InTheHood-ios.app */;
			productType = "com.apple.product-type.application";
		};
		DCE6FFF0229BCAE2003A6626 /* InTheHood-iosTests */ = {
			isa = PBXNativeTarget;
			buildConfigurationList = DCE60008229BCAE2003A6626 /* Build configuration list for PBXNativeTarget "InTheHood-iosTests" */;
			buildPhases = (
				A2FF217B3052794D4D56DF61 /* [CP] Check Pods Manifest.lock */,
				DCE6FFED229BCAE2003A6626 /* Sources */,
				DCE6FFEE229BCAE2003A6626 /* Frameworks */,
				DCE6FFEF229BCAE2003A6626 /* Resources */,
			);
			buildRules = (
			);
			dependencies = (
				DCE6FFF3229BCAE2003A6626 /* PBXTargetDependency */,
			);
			name = "InTheHood-iosTests";
			productName = "InTheHood-iosTests";
			productReference = DCE6FFF1229BCAE2003A6626 /* InTheHood-iosTests.xctest */;
			productType = "com.apple.product-type.bundle.unit-test";
		};
		DCE6FFFB229BCAE2003A6626 /* InTheHood-iosUITests */ = {
			isa = PBXNativeTarget;
			buildConfigurationList = DCE6000B229BCAE2003A6626 /* Build configuration list for PBXNativeTarget "InTheHood-iosUITests" */;
			buildPhases = (
				D8A5630C488DC9DB43F056D6 /* [CP] Check Pods Manifest.lock */,
				DCE6FFF8229BCAE2003A6626 /* Sources */,
				DCE6FFF9229BCAE2003A6626 /* Frameworks */,
				DCE6FFFA229BCAE2003A6626 /* Resources */,
			);
			buildRules = (
			);
			dependencies = (
				DCE6FFFE229BCAE2003A6626 /* PBXTargetDependency */,
			);
			name = "InTheHood-iosUITests";
			productName = "InTheHood-iosUITests";
			productReference = DCE6FFFC229BCAE2003A6626 /* InTheHood-iosUITests.xctest */;
			productType = "com.apple.product-type.bundle.ui-testing";
		};
/* End PBXNativeTarget section */

/* Begin PBXProject section */
		DCE6FFD5229BCAE1003A6626 /* Project object */ = {
			isa = PBXProject;
			attributes = {
				LastSwiftUpdateCheck = 1020;
				LastUpgradeCheck = 1020;
				ORGANIZATIONNAME = "Rotem Nevgauker";
				TargetAttributes = {
					DCE6FFDC229BCAE1003A6626 = {
						CreatedOnToolsVersion = 10.2.1;
						SystemCapabilities = {
							com.apple.Push = {
								enabled = 1;
							};
						};
					};
					DCE6FFF0229BCAE2003A6626 = {
						CreatedOnToolsVersion = 10.2.1;
						TestTargetID = DCE6FFDC229BCAE1003A6626;
					};
					DCE6FFFB229BCAE2003A6626 = {
						CreatedOnToolsVersion = 10.2.1;
						TestTargetID = DCE6FFDC229BCAE1003A6626;
					};
				};
			};
			buildConfigurationList = DCE6FFD8229BCAE1003A6626 /* Build configuration list for PBXProject "InTheHood-ios" */;
			compatibilityVersion = "Xcode 9.3";
			developmentRegion = en;
			hasScannedForEncodings = 0;
			knownRegions = (
				en,
				Base,
			);
			mainGroup = DCE6FFD4229BCAE1003A6626;
			productRefGroup = DCE6FFDE229BCAE1003A6626 /* Products */;
			projectDirPath = "";
			projectRoot = "";
			targets = (
				DCE6FFDC229BCAE1003A6626 /* InTheHood-ios */,
				DCE6FFF0229BCAE2003A6626 /* InTheHood-iosTests */,
				DCE6FFFB229BCAE2003A6626 /* InTheHood-iosUITests */,
			);
		};
/* End PBXProject section */

/* Begin PBXResourcesBuildPhase section */
		DCE6FFDB229BCAE1003A6626 /* Resources */ = {
			isa = PBXResourcesBuildPhase;
			buildActionMask = 2147483647;
			files = (
				DCE6FFEB229BCAE2003A6626 /* LaunchScreen.storyboard in Resources */,
				DCE6FFE8229BCAE2003A6626 /* Assets.xcassets in Resources */,
				DC9D0AE8233292D000ADEBCF /* Chat.storyboard in Resources */,
				DCE6FFE6229BCAE1003A6626 /* Main.storyboard in Resources */,
			);
			runOnlyForDeploymentPostprocessing = 0;
		};
		DCE6FFEF229BCAE2003A6626 /* Resources */ = {
			isa = PBXResourcesBuildPhase;
			buildActionMask = 2147483647;
			files = (
			);
			runOnlyForDeploymentPostprocessing = 0;
		};
		DCE6FFFA229BCAE2003A6626 /* Resources */ = {
			isa = PBXResourcesBuildPhase;
			buildActionMask = 2147483647;
			files = (
			);
			runOnlyForDeploymentPostprocessing = 0;
		};
/* End PBXResourcesBuildPhase section */

/* Begin PBXShellScriptBuildPhase section */
		36A96B2924D726424B765D30 /* [CP] Check Pods Manifest.lock */ = {
			isa = PBXShellScriptBuildPhase;
			buildActionMask = 2147483647;
			files = (
			);
			inputFileListPaths = (
			);
			inputPaths = (
				"${PODS_PODFILE_DIR_PATH}/Podfile.lock",
				"${PODS_ROOT}/Manifest.lock",
			);
			name = "[CP] Check Pods Manifest.lock";
			outputFileListPaths = (
			);
			outputPaths = (
				"$(DERIVED_FILE_DIR)/Pods-InTheHood-ios-checkManifestLockResult.txt",
			);
			runOnlyForDeploymentPostprocessing = 0;
			shellPath = /bin/sh;
			shellScript = "diff \"${PODS_PODFILE_DIR_PATH}/Podfile.lock\" \"${PODS_ROOT}/Manifest.lock\" > /dev/null\nif [ $? != 0 ] ; then\n    # print error to STDERR\n    echo \"error: The sandbox is not in sync with the Podfile.lock. Run 'pod install' or update your CocoaPods installation.\" >&2\n    exit 1\nfi\n# This output is used by Xcode 'outputs' to avoid re-running this script phase.\necho \"SUCCESS\" > \"${SCRIPT_OUTPUT_FILE_0}\"\n";
			showEnvVarsInLog = 0;
		};
		973428C2AC8FDF2E30766D82 /* [CP] Embed Pods Frameworks */ = {
			isa = PBXShellScriptBuildPhase;
			buildActionMask = 2147483647;
			files = (
			);
			inputFileListPaths = (
				"${PODS_ROOT}/Target Support Files/Pods-InTheHood-ios/Pods-InTheHood-ios-frameworks-${CONFIGURATION}-input-files.xcfilelist",
			);
			name = "[CP] Embed Pods Frameworks";
			outputFileListPaths = (
				"${PODS_ROOT}/Target Support Files/Pods-InTheHood-ios/Pods-InTheHood-ios-frameworks-${CONFIGURATION}-output-files.xcfilelist",
			);
			runOnlyForDeploymentPostprocessing = 0;
			shellPath = /bin/sh;
			shellScript = "\"${PODS_ROOT}/Target Support Files/Pods-InTheHood-ios/Pods-InTheHood-ios-frameworks.sh\"\n";
			showEnvVarsInLog = 0;
		};
		A2FF217B3052794D4D56DF61 /* [CP] Check Pods Manifest.lock */ = {
			isa = PBXShellScriptBuildPhase;
			buildActionMask = 2147483647;
			files = (
			);
			inputFileListPaths = (
			);
			inputPaths = (
				"${PODS_PODFILE_DIR_PATH}/Podfile.lock",
				"${PODS_ROOT}/Manifest.lock",
			);
			name = "[CP] Check Pods Manifest.lock";
			outputFileListPaths = (
			);
			outputPaths = (
				"$(DERIVED_FILE_DIR)/Pods-InTheHood-iosTests-checkManifestLockResult.txt",
			);
			runOnlyForDeploymentPostprocessing = 0;
			shellPath = /bin/sh;
			shellScript = "diff \"${PODS_PODFILE_DIR_PATH}/Podfile.lock\" \"${PODS_ROOT}/Manifest.lock\" > /dev/null\nif [ $? != 0 ] ; then\n    # print error to STDERR\n    echo \"error: The sandbox is not in sync with the Podfile.lock. Run 'pod install' or update your CocoaPods installation.\" >&2\n    exit 1\nfi\n# This output is used by Xcode 'outputs' to avoid re-running this script phase.\necho \"SUCCESS\" > \"${SCRIPT_OUTPUT_FILE_0}\"\n";
			showEnvVarsInLog = 0;
		};
		D8A5630C488DC9DB43F056D6 /* [CP] Check Pods Manifest.lock */ = {
			isa = PBXShellScriptBuildPhase;
			buildActionMask = 2147483647;
			files = (
			);
			inputFileListPaths = (
			);
			inputPaths = (
				"${PODS_PODFILE_DIR_PATH}/Podfile.lock",
				"${PODS_ROOT}/Manifest.lock",
			);
			name = "[CP] Check Pods Manifest.lock";
			outputFileListPaths = (
			);
			outputPaths = (
				"$(DERIVED_FILE_DIR)/Pods-InTheHood-iosUITests-checkManifestLockResult.txt",
			);
			runOnlyForDeploymentPostprocessing = 0;
			shellPath = /bin/sh;
			shellScript = "diff \"${PODS_PODFILE_DIR_PATH}/Podfile.lock\" \"${PODS_ROOT}/Manifest.lock\" > /dev/null\nif [ $? != 0 ] ; then\n    # print error to STDERR\n    echo \"error: The sandbox is not in sync with the Podfile.lock. Run 'pod install' or update your CocoaPods installation.\" >&2\n    exit 1\nfi\n# This output is used by Xcode 'outputs' to avoid re-running this script phase.\necho \"SUCCESS\" > \"${SCRIPT_OUTPUT_FILE_0}\"\n";
			showEnvVarsInLog = 0;
		};
/* End PBXShellScriptBuildPhase section */

/* Begin PBXSourcesBuildPhase section */
		DCE6FFD9229BCAE1003A6626 /* Sources */ = {
			isa = PBXSourcesBuildPhase;
			buildActionMask = 2147483647;
			files = (
				DCFB47DF22A431C000D0E7AA /* CreateView.swift in Sources */,
				DC13D75222CCF5EC008B6CEA /* GeneralItemCell.swift in Sources */,
				DCA3089F234D75240028A617 /* NotificationsHandler.swift in Sources */,
				DCBE17C2234A873900A5B15E /* ChatCollectionViewCell.swift in Sources */,
				DCFB47DD22A4306700D0E7AA /* MainSuperView.swift in Sources */,
				DC328D65229BF39B00693E17 /* ForgotPasswordViewController.swift in Sources */,
				DCF4FF5822A851F80065FE63 /* DataManager.swift in Sources */,
				DCE6FFE1229BCAE1003A6626 /* AppDelegate.swift in Sources */,
				DC328D63229BE1BE00693E17 /* SignupViewController.swift in Sources */,
				DCFB47E122A435B100D0E7AA /* CategoriesCollectionView.swift in Sources */,
				DCA8B20422A50F700060E1A7 /* User.swift in Sources */,
				DC328D61229BD6E200693E17 /* SigninViewController.swift in Sources */,
				DCA8B20222A50F640060E1A7 /* Item.swift in Sources */,
				DC9D0AEA233293D200ADEBCF /* ChatTableViewCell.swift in Sources */,
				DCA353B82306BB4B007B7B97 /* ItemViewController.swift in Sources */,
				DCA8B1FD22A509930060E1A7 /* Utils.swift in Sources */,
				DC45BAD122DA3037003D0421 /* LocationManager.swift in Sources */,
				DC45BAD322DA311D003D0421 /* Location.swift in Sources */,
				DC13D75022CCF545008B6CEA /* ItemCell2.swift in Sources */,
				DC9B71FE22A8D8AF007B769B /* Extensions.swift in Sources */,
				DCCF8E3A229C1F0600F13C8D /* MainScreenViewController.swift in Sources */,
				DC9D0AE62332927C00ADEBCF /* ChatViewController.swift in Sources */,
				DC9B71FC22A8CCE7007B769B /* GeneralViewController.swift in Sources */,
				DCFB47DB22A3E88D00D0E7AA /* NetworkingManager.swift in Sources */,
				DC9D0AEC23329C1A00ADEBCF /* Chat.swift in Sources */,
				DC2E34E42309D5300039415D /* IWantItViewController.swift in Sources */,
				DC76972F230D44AE008A247D /* Message.swift in Sources */,
				DCFB47E322A435D700D0E7AA /* CategoryCell.swift in Sources */,
				DC13D74E22CCF52F008B6CEA /* ItemCell1.swift in Sources */,
			);
			runOnlyForDeploymentPostprocessing = 0;
		};
		DCE6FFED229BCAE2003A6626 /* Sources */ = {
			isa = PBXSourcesBuildPhase;
			buildActionMask = 2147483647;
			files = (
				DCE6FFF6229BCAE2003A6626 /* InTheHood_iosTests.swift in Sources */,
			);
			runOnlyForDeploymentPostprocessing = 0;
		};
		DCE6FFF8229BCAE2003A6626 /* Sources */ = {
			isa = PBXSourcesBuildPhase;
			buildActionMask = 2147483647;
			files = (
				DCE60001229BCAE2003A6626 /* InTheHood_iosUITests.swift in Sources */,
			);
			runOnlyForDeploymentPostprocessing = 0;
		};
/* End PBXSourcesBuildPhase section */

/* Begin PBXTargetDependency section */
		DCE6FFF3229BCAE2003A6626 /* PBXTargetDependency */ = {
			isa = PBXTargetDependency;
			target = DCE6FFDC229BCAE1003A6626 /* InTheHood-ios */;
			targetProxy = DCE6FFF2229BCAE2003A6626 /* PBXContainerItemProxy */;
		};
		DCE6FFFE229BCAE2003A6626 /* PBXTargetDependency */ = {
			isa = PBXTargetDependency;
			target = DCE6FFDC229BCAE1003A6626 /* InTheHood-ios */;
			targetProxy = DCE6FFFD229BCAE2003A6626 /* PBXContainerItemProxy */;
		};
/* End PBXTargetDependency section */

/* Begin PBXVariantGroup section */
		DCE6FFE4229BCAE1003A6626 /* Main.storyboard */ = {
			isa = PBXVariantGroup;
			children = (
				DCE6FFE5229BCAE1003A6626 /* Base */,
			);
			name = Main.storyboard;
			sourceTree = "<group>";
		};
		DCE6FFE9229BCAE2003A6626 /* LaunchScreen.storyboard */ = {
			isa = PBXVariantGroup;
			children = (
				DCE6FFEA229BCAE2003A6626 /* Base */,
			);
			name = LaunchScreen.storyboard;
			sourceTree = "<group>";
		};
/* End PBXVariantGroup section */

/* Begin XCBuildConfiguration section */
		DCE60003229BCAE2003A6626 /* Debug */ = {
			isa = XCBuildConfiguration;
			buildSettings = {
				ALWAYS_SEARCH_USER_PATHS = NO;
				CLANG_ANALYZER_NONNULL = YES;
				CLANG_ANALYZER_NUMBER_OBJECT_CONVERSION = YES_AGGRESSIVE;
				CLANG_CXX_LANGUAGE_STANDARD = "gnu++14";
				CLANG_CXX_LIBRARY = "libc++";
				CLANG_ENABLE_MODULES = YES;
				CLANG_ENABLE_OBJC_ARC = YES;
				CLANG_ENABLE_OBJC_WEAK = YES;
				CLANG_WARN_BLOCK_CAPTURE_AUTORELEASING = YES;
				CLANG_WARN_BOOL_CONVERSION = YES;
				CLANG_WARN_COMMA = YES;
				CLANG_WARN_CONSTANT_CONVERSION = YES;
				CLANG_WARN_DEPRECATED_OBJC_IMPLEMENTATIONS = YES;
				CLANG_WARN_DIRECT_OBJC_ISA_USAGE = YES_ERROR;
				CLANG_WARN_DOCUMENTATION_COMMENTS = YES;
				CLANG_WARN_EMPTY_BODY = YES;
				CLANG_WARN_ENUM_CONVERSION = YES;
				CLANG_WARN_INFINITE_RECURSION = YES;
				CLANG_WARN_INT_CONVERSION = YES;
				CLANG_WARN_NON_LITERAL_NULL_CONVERSION = YES;
				CLANG_WARN_OBJC_IMPLICIT_RETAIN_SELF = YES;
				CLANG_WARN_OBJC_LITERAL_CONVERSION = YES;
				CLANG_WARN_OBJC_ROOT_CLASS = YES_ERROR;
				CLANG_WARN_RANGE_LOOP_ANALYSIS = YES;
				CLANG_WARN_STRICT_PROTOTYPES = YES;
				CLANG_WARN_SUSPICIOUS_MOVE = YES;
				CLANG_WARN_UNGUARDED_AVAILABILITY = YES_AGGRESSIVE;
				CLANG_WARN_UNREACHABLE_CODE = YES;
				CLANG_WARN__DUPLICATE_METHOD_MATCH = YES;
				CODE_SIGN_IDENTITY = "iPhone Developer";
				COPY_PHASE_STRIP = NO;
				DEBUG_INFORMATION_FORMAT = dwarf;
				ENABLE_STRICT_OBJC_MSGSEND = YES;
				ENABLE_TESTABILITY = YES;
				GCC_C_LANGUAGE_STANDARD = gnu11;
				GCC_DYNAMIC_NO_PIC = NO;
				GCC_NO_COMMON_BLOCKS = YES;
				GCC_OPTIMIZATION_LEVEL = 0;
				GCC_PREPROCESSOR_DEFINITIONS = (
					"DEBUG=1",
					"$(inherited)",
				);
				GCC_WARN_64_TO_32_BIT_CONVERSION = YES;
				GCC_WARN_ABOUT_RETURN_TYPE = YES_ERROR;
				GCC_WARN_UNDECLARED_SELECTOR = YES;
				GCC_WARN_UNINITIALIZED_AUTOS = YES_AGGRESSIVE;
				GCC_WARN_UNUSED_FUNCTION = YES;
				GCC_WARN_UNUSED_VARIABLE = YES;
				IPHONEOS_DEPLOYMENT_TARGET = 12.2;
				MTL_ENABLE_DEBUG_INFO = INCLUDE_SOURCE;
				MTL_FAST_MATH = YES;
				ONLY_ACTIVE_ARCH = YES;
				SDKROOT = iphoneos;
				SWIFT_ACTIVE_COMPILATION_CONDITIONS = DEBUG;
				SWIFT_OPTIMIZATION_LEVEL = "-Onone";
			};
			name = Debug;
		};
		DCE60004229BCAE2003A6626 /* Release */ = {
			isa = XCBuildConfiguration;
			buildSettings = {
				ALWAYS_SEARCH_USER_PATHS = NO;
				CLANG_ANALYZER_NONNULL = YES;
				CLANG_ANALYZER_NUMBER_OBJECT_CONVERSION = YES_AGGRESSIVE;
				CLANG_CXX_LANGUAGE_STANDARD = "gnu++14";
				CLANG_CXX_LIBRARY = "libc++";
				CLANG_ENABLE_MODULES = YES;
				CLANG_ENABLE_OBJC_ARC = YES;
				CLANG_ENABLE_OBJC_WEAK = YES;
				CLANG_WARN_BLOCK_CAPTURE_AUTORELEASING = YES;
				CLANG_WARN_BOOL_CONVERSION = YES;
				CLANG_WARN_COMMA = YES;
				CLANG_WARN_CONSTANT_CONVERSION = YES;
				CLANG_WARN_DEPRECATED_OBJC_IMPLEMENTATIONS = YES;
				CLANG_WARN_DIRECT_OBJC_ISA_USAGE = YES_ERROR;
				CLANG_WARN_DOCUMENTATION_COMMENTS = YES;
				CLANG_WARN_EMPTY_BODY = YES;
				CLANG_WARN_ENUM_CONVERSION = YES;
				CLANG_WARN_INFINITE_RECURSION = YES;
				CLANG_WARN_INT_CONVERSION = YES;
				CLANG_WARN_NON_LITERAL_NULL_CONVERSION = YES;
				CLANG_WARN_OBJC_IMPLICIT_RETAIN_SELF = YES;
				CLANG_WARN_OBJC_LITERAL_CONVERSION = YES;
				CLANG_WARN_OBJC_ROOT_CLASS = YES_ERROR;
				CLANG_WARN_RANGE_LOOP_ANALYSIS = YES;
				CLANG_WARN_STRICT_PROTOTYPES = YES;
				CLANG_WARN_SUSPICIOUS_MOVE = YES;
				CLANG_WARN_UNGUARDED_AVAILABILITY = YES_AGGRESSIVE;
				CLANG_WARN_UNREACHABLE_CODE = YES;
				CLANG_WARN__DUPLICATE_METHOD_MATCH = YES;
				CODE_SIGN_IDENTITY = "iPhone Developer";
				COPY_PHASE_STRIP = NO;
				DEBUG_INFORMATION_FORMAT = "dwarf-with-dsym";
				ENABLE_NS_ASSERTIONS = NO;
				ENABLE_STRICT_OBJC_MSGSEND = YES;
				GCC_C_LANGUAGE_STANDARD = gnu11;
				GCC_NO_COMMON_BLOCKS = YES;
				GCC_WARN_64_TO_32_BIT_CONVERSION = YES;
				GCC_WARN_ABOUT_RETURN_TYPE = YES_ERROR;
				GCC_WARN_UNDECLARED_SELECTOR = YES;
				GCC_WARN_UNINITIALIZED_AUTOS = YES_AGGRESSIVE;
				GCC_WARN_UNUSED_FUNCTION = YES;
				GCC_WARN_UNUSED_VARIABLE = YES;
				IPHONEOS_DEPLOYMENT_TARGET = 12.2;
				MTL_ENABLE_DEBUG_INFO = NO;
				MTL_FAST_MATH = YES;
				SDKROOT = iphoneos;
				SWIFT_COMPILATION_MODE = wholemodule;
				SWIFT_OPTIMIZATION_LEVEL = "-O";
				VALIDATE_PRODUCT = YES;
			};
			name = Release;
		};
		DCE60006229BCAE2003A6626 /* Debug */ = {
			isa = XCBuildConfiguration;
			baseConfigurationReference = 8E848F4F1729EBE574E6B300 /* Pods-InTheHood-ios.debug.xcconfig */;
			buildSettings = {
				ASSETCATALOG_COMPILER_APPICON_NAME = AppIcon;
				CODE_SIGN_ENTITLEMENTS = "InTheHood-ios/InTheHood-ios.entitlements";
				CODE_SIGN_STYLE = Automatic;
				DEVELOPMENT_TEAM = 3978JEAFBL;
				INFOPLIST_FILE = "InTheHood-ios/Info.plist";
				IPHONEOS_DEPLOYMENT_TARGET = 11.4;
				LD_RUNPATH_SEARCH_PATHS = (
					"$(inherited)",
					"@executable_path/Frameworks",
				);
				PRODUCT_BUNDLE_IDENTIFIER = "Rotem-Nevgauker.InTheHood-ios";
				PRODUCT_NAME = "$(TARGET_NAME)";
				SWIFT_VERSION = 5.0;
				TARGETED_DEVICE_FAMILY = "1,2";
			};
			name = Debug;
		};
		DCE60007229BCAE2003A6626 /* Release */ = {
			isa = XCBuildConfiguration;
			baseConfigurationReference = A4D04A4FA13502024C936163 /* Pods-InTheHood-ios.release.xcconfig */;
			buildSettings = {
				ASSETCATALOG_COMPILER_APPICON_NAME = AppIcon;
				CODE_SIGN_ENTITLEMENTS = "InTheHood-ios/InTheHood-ios.entitlements";
				CODE_SIGN_STYLE = Automatic;
				DEVELOPMENT_TEAM = 3978JEAFBL;
				INFOPLIST_FILE = "InTheHood-ios/Info.plist";
				IPHONEOS_DEPLOYMENT_TARGET = 11.4;
				LD_RUNPATH_SEARCH_PATHS = (
					"$(inherited)",
					"@executable_path/Frameworks",
				);
				PRODUCT_BUNDLE_IDENTIFIER = "Rotem-Nevgauker.InTheHood-ios";
				PRODUCT_NAME = "$(TARGET_NAME)";
				SWIFT_VERSION = 5.0;
				TARGETED_DEVICE_FAMILY = "1,2";
			};
			name = Release;
		};
		DCE60009229BCAE2003A6626 /* Debug */ = {
			isa = XCBuildConfiguration;
			baseConfigurationReference = 39C7020C44B7BFAE0F30B305 /* Pods-InTheHood-iosTests.debug.xcconfig */;
			buildSettings = {
				ALWAYS_EMBED_SWIFT_STANDARD_LIBRARIES = YES;
				BUNDLE_LOADER = "$(TEST_HOST)";
				CODE_SIGN_STYLE = Automatic;
				DEVELOPMENT_TEAM = 3978JEAFBL;
				INFOPLIST_FILE = "InTheHood-iosTests/Info.plist";
				LD_RUNPATH_SEARCH_PATHS = (
					"$(inherited)",
					"@executable_path/Frameworks",
					"@loader_path/Frameworks",
				);
				PRODUCT_BUNDLE_IDENTIFIER = "Rotem-Nevgauker.InTheHood-iosTests";
				PRODUCT_NAME = "$(TARGET_NAME)";
				SWIFT_VERSION = 5.0;
				TARGETED_DEVICE_FAMILY = "1,2";
				TEST_HOST = "$(BUILT_PRODUCTS_DIR)/InTheHood-ios.app/InTheHood-ios";
			};
			name = Debug;
		};
		DCE6000A229BCAE2003A6626 /* Release */ = {
			isa = XCBuildConfiguration;
			baseConfigurationReference = 92D18D379275E6C5A6DA2286 /* Pods-InTheHood-iosTests.release.xcconfig */;
			buildSettings = {
				ALWAYS_EMBED_SWIFT_STANDARD_LIBRARIES = YES;
				BUNDLE_LOADER = "$(TEST_HOST)";
				CODE_SIGN_STYLE = Automatic;
				DEVELOPMENT_TEAM = 3978JEAFBL;
				INFOPLIST_FILE = "InTheHood-iosTests/Info.plist";
				LD_RUNPATH_SEARCH_PATHS = (
					"$(inherited)",
					"@executable_path/Frameworks",
					"@loader_path/Frameworks",
				);
				PRODUCT_BUNDLE_IDENTIFIER = "Rotem-Nevgauker.InTheHood-iosTests";
				PRODUCT_NAME = "$(TARGET_NAME)";
				SWIFT_VERSION = 5.0;
				TARGETED_DEVICE_FAMILY = "1,2";
				TEST_HOST = "$(BUILT_PRODUCTS_DIR)/InTheHood-ios.app/InTheHood-ios";
			};
			name = Release;
		};
		DCE6000C229BCAE2003A6626 /* Debug */ = {
			isa = XCBuildConfiguration;
			baseConfigurationReference = 1973457407498F8C823D03C5 /* Pods-InTheHood-iosUITests.debug.xcconfig */;
			buildSettings = {
				ALWAYS_EMBED_SWIFT_STANDARD_LIBRARIES = YES;
				CODE_SIGN_STYLE = Automatic;
				DEVELOPMENT_TEAM = 3978JEAFBL;
				INFOPLIST_FILE = "InTheHood-iosUITests/Info.plist";
				LD_RUNPATH_SEARCH_PATHS = (
					"$(inherited)",
					"@executable_path/Frameworks",
					"@loader_path/Frameworks",
				);
				PRODUCT_BUNDLE_IDENTIFIER = "Rotem-Nevgauker.InTheHood-iosUITests";
				PRODUCT_NAME = "$(TARGET_NAME)";
				SWIFT_VERSION = 5.0;
				TARGETED_DEVICE_FAMILY = "1,2";
				TEST_TARGET_NAME = "InTheHood-ios";
			};
			name = Debug;
		};
		DCE6000D229BCAE2003A6626 /* Release */ = {
			isa = XCBuildConfiguration;
			baseConfigurationReference = 38325B9FDF7E490EA24B3CA6 /* Pods-InTheHood-iosUITests.release.xcconfig */;
			buildSettings = {
				ALWAYS_EMBED_SWIFT_STANDARD_LIBRARIES = YES;
				CODE_SIGN_STYLE = Automatic;
				DEVELOPMENT_TEAM = 3978JEAFBL;
				INFOPLIST_FILE = "InTheHood-iosUITests/Info.plist";
				LD_RUNPATH_SEARCH_PATHS = (
					"$(inherited)",
					"@executable_path/Frameworks",
					"@loader_path/Frameworks",
				);
				PRODUCT_BUNDLE_IDENTIFIER = "Rotem-Nevgauker.InTheHood-iosUITests";
				PRODUCT_NAME = "$(TARGET_NAME)";
				SWIFT_VERSION = 5.0;
				TARGETED_DEVICE_FAMILY = "1,2";
				TEST_TARGET_NAME = "InTheHood-ios";
			};
			name = Release;
		};
/* End XCBuildConfiguration section */

/* Begin XCConfigurationList section */
		DCE60005229BCAE2003A6626 /* Build configuration list for PBXNativeTarget "InTheHood-ios" */ = {
			isa = XCConfigurationList;
			buildConfigurations = (
				DCE60006229BCAE2003A6626 /* Debug */,
				DCE60007229BCAE2003A6626 /* Release */,
			);
			defaultConfigurationIsVisible = 0;
			defaultConfigurationName = Release;
		};
		DCE60008229BCAE2003A6626 /* Build configuration list for PBXNativeTarget "InTheHood-iosTests" */ = {
			isa = XCConfigurationList;
			buildConfigurations = (
				DCE60009229BCAE2003A6626 /* Debug */,
				DCE6000A229BCAE2003A6626 /* Release */,
			);
			defaultConfigurationIsVisible = 0;
			defaultConfigurationName = Release;
		};
		DCE6000B229BCAE2003A6626 /* Build configuration list for PBXNativeTarget "InTheHood-iosUITests" */ = {
			isa = XCConfigurationList;
			buildConfigurations = (
				DCE6000C229BCAE2003A6626 /* Debug */,
				DCE6000D229BCAE2003A6626 /* Release */,
			);
			defaultConfigurationIsVisible = 0;
			defaultConfigurationName = Release;
		};
		DCE6FFD8229BCAE1003A6626 /* Build configuration list for PBXProject "InTheHood-ios" */ = {
			isa = XCConfigurationList;
			buildConfigurations = (
				DCE60003229BCAE2003A6626 /* Debug */,
				DCE60004229BCAE2003A6626 /* Release */,
			);
			defaultConfigurationIsVisible = 0;
			defaultConfigurationName = Release;
		};
/* End XCConfigurationList section */
	};
	rootObject = DCE6FFD5229BCAE1003A6626 /* Project object */;
}
